
Microsoft Visual Studio Solution File, Format Version 12.00
# Visual Studio 14
VisualStudioVersion = 14.0.25420.1
MinimumVisualStudioVersion = 10.0.40219.1
Project("{FAE04EC0-301F-11D3-BF4B-00C04F79EFBC}") = "SouthWorks.Events.Solution", "SouthWorks.Events.Solution\SouthWorks.Events.Solution.csproj", "{8ED2D19D-ACB0-480A-9D05-A3FFE918361E}"
EndProject
Project("{8BB2217D-0F2D-49D1-97BC-3654ED321F3B}") = "SouthWorks.Events.Console", "SouthWorks.Events.Console\SouthWorks.Events.Console.xproj", "{C477E008-60DC-40FB-A78F-8E853EA1234B}"
EndProject
Project("{2150E333-8FDC-42A3-9474-1A3956D46DE8}") = "Troubleshooter", "Troubleshooter", "{689D2352-3C60-4C83-A7FF-80F512DC4F35}"
EndProject
Project("{2150E333-8FDC-42A3-9474-1A3956D46DE8}") = "SolutionApproach", "SolutionApproach", "{F96AFCEB-0EDB-4CD1-90D7-3E792750F6E1}"
EndProject
Project("{FAE04EC0-301F-11D3-BF4B-00C04F79EFBC}") = "SouthWorks.Events.Infrastructure", "SouthWorks.Events.Infrastructure\SouthWorks.Events.Infrastructure.csproj", "{AC82F1B6-C74D-4C57-A355-D24289083A14}"
EndProject
Project("{2150E333-8FDC-42A3-9474-1A3956D46DE8}") = "UI", "UI", "{0EE5E582-F2B0-47AF-B87B-BC109C3FCEE8}"
EndProject
Project("{2150E333-8FDC-42A3-9474-1A3956D46DE8}") = "Infrastructure", "Infrastructure", "{C588EF97-CEFA-4B52-B38F-58DCDFE02C3F}"
EndProject
Global
	GlobalSection(SolutionConfigurationPlatforms) = preSolution
		Debug|Any CPU = Debug|Any CPU
		Release|Any CPU = Release|Any CPU
	EndGlobalSection
	GlobalSection(ProjectConfigurationPlatforms) = postSolution
		{8ED2D19D-ACB0-480A-9D05-A3FFE918361E}.Debug|Any CPU.ActiveCfg = Debug|Any CPU
		{8ED2D19D-ACB0-480A-9D05-A3FFE918361E}.Debug|Any CPU.Build.0 = Debug|Any CPU
		{8ED2D19D-ACB0-480A-9D05-A3FFE918361E}.Release|Any CPU.ActiveCfg = Release|Any CPU
		{8ED2D19D-ACB0-480A-9D05-A3FFE918361E}.Release|Any CPU.Build.0 = Release|Any CPU
		{C477E008-60DC-40FB-A78F-8E853EA1234B}.Debug|Any CPU.ActiveCfg = Debug|Any CPU
		{C477E008-60DC-40FB-A78F-8E853EA1234B}.Debug|Any CPU.Build.0 = Debug|Any CPU
		{C477E008-60DC-40FB-A78F-8E853EA1234B}.Release|Any CPU.ActiveCfg = Release|Any CPU
		{C477E008-60DC-40FB-A78F-8E853EA1234B}.Release|Any CPU.Build.0 = Release|Any CPU
		{AC82F1B6-C74D-4C57-A355-D24289083A14}.Debug|Any CPU.ActiveCfg = Debug|Any CPU
		{AC82F1B6-C74D-4C57-A355-D24289083A14}.Debug|Any CPU.Build.0 = Debug|Any CPU
		{AC82F1B6-C74D-4C57-A355-D24289083A14}.Release|Any CPU.ActiveCfg = Release|Any CPU
		{AC82F1B6-C74D-4C57-A355-D24289083A14}.Release|Any CPU.Build.0 = Release|Any CPU
	EndGlobalSection
	GlobalSection(SolutionProperties) = preSolution
		HideSolutionNode = FALSE
	EndGlobalSection
	GlobalSection(NestedProjects) = preSolution
		{8ED2D19D-ACB0-480A-9D05-A3FFE918361E} = {0EE5E582-F2B0-47AF-B87B-BC109C3FCEE8}
		{C477E008-60DC-40FB-A78F-8E853EA1234B} = {689D2352-3C60-4C83-A7FF-80F512DC4F35}
		{AC82F1B6-C74D-4C57-A355-D24289083A14} = {C588EF97-CEFA-4B52-B38F-58DCDFE02C3F}
		{0EE5E582-F2B0-47AF-B87B-BC109C3FCEE8} = {F96AFCEB-0EDB-4CD1-90D7-3E792750F6E1}
		{C588EF97-CEFA-4B52-B38F-58DCDFE02C3F} = {F96AFCEB-0EDB-4CD1-90D7-3E792750F6E1}
	EndGlobalSection
EndGlobal
